<?xml version="1.0" encoding="utf-8"?>
<Project ToolsVersion="4.0" xmlns="http://schemas.microsoft.com/developer/msbuild/2003">
  <ItemGroup>
    <ClCompile Include="..\Classes\AppDelegate.cpp" />
    <ClCompile Include="main.cpp" />
    <ClCompile Include="..\Classes\MaterialTest\MaterialTestLayer.cpp">
      <Filter>MaterialTest</Filter>
    </ClCompile>
    <ClCompile Include="..\Classes\ColorTest\ColorTestLayer.cpp">
      <Filter>ColorTest</Filter>
    </ClCompile>
    <ClCompile Include="..\Classes\ShadowTest\ShadowTestLayer.cpp">
      <Filter>ShadowTest</Filter>
    </ClCompile>
    <ClCompile Include="..\Classes\AnimLightTest\AnimLightTestLayer.cpp">
      <Filter>AnimLightTest</Filter>
    </ClCompile>
    <ClCompile Include="..\Classes\MainLayer.cpp" />
    <ClCompile Include="..\Classes\VisibleRect.cpp" />
    <ClCompile Include="..\Classes\TunnelTest\TunnelTestLayer.cpp">
      <Filter>TunnelTest</Filter>
    </ClCompile>
    <ClCompile Include="..\Classes\PostEffect\PostEffectTestLayer.cpp">
      <Filter>PostEffect</Filter>
    </ClCompile>
    <ClCompile Include="..\Classes\ChangeCloth\ChangeClothesTestLayer.cpp">
      <Filter>ChangeClothes</Filter>
    </ClCompile>
    <ClCompile Include="..\Classes\FullDemo\FullDemoLayer.cpp">
      <Filter>FullDemo</Filter>
    </ClCompile>
    <ClCompile Include="..\Classes\ChangeCloth\ClothUILayer.cpp">
      <Filter>ChangeClothes</Filter>
    </ClCompile>
    <ClCompile Include="..\Classes\FullDemo\FullDemoUILayer.cpp">
      <Filter>FullDemo</Filter>
    </ClCompile>
    <ClCompile Include="..\Classes\ParticleTest\ParticleTestLayer.cpp">
      <Filter>ParticleTest</Filter>
    </ClCompile>
    <ClCompile Include="..\Classes\FullDemo\MainPlayer.cpp">
      <Filter>FullDemo</Filter>
    </ClCompile>
    <ClCompile Include="..\Classes\FullDemo\Enemy.cpp">
      <Filter>FullDemo</Filter>
    </ClCompile>
    <ClCompile Include="..\Classes\FullDemo\Npc.cpp">
      <Filter>FullDemo</Filter>
    </ClCompile>
    <ClCompile Include="..\Classes\C3DActor.cpp" />
    <ClCompile Include="..\Classes\C3DBaseActor.cpp" />
    <ClCompile Include="..\Classes\FullDemo\UI3DLayer.cpp">
      <Filter>FullDemo</Filter>
    </ClCompile>
    <ClCompile Include="..\Classes\FullDemo\BaseBullet.cpp">
      <Filter>FullDemo\Bullet</Filter>
    </ClCompile>
    <ClCompile Include="..\Classes\FullDemo\Bullet.cpp">
      <Filter>FullDemo\Bullet</Filter>
    </ClCompile>
    <ClCompile Include="..\Classes\FullDemo\Lighting.cpp">
      <Filter>FullDemo\Bullet</Filter>
    </ClCompile>
    <ClCompile Include="..\Classes\PostEffect\PEBlur.cpp">
      <Filter>PostEffect\Effects</Filter>
    </ClCompile>
    <ClCompile Include="..\Classes\PostEffect\PEColor.cpp">
      <Filter>PostEffect\Effects</Filter>
    </ClCompile>
    <ClCompile Include="..\Classes\PostEffect\PEOutLine.cpp">
      <Filter>PostEffect\Effects</Filter>
    </ClCompile>
    <ClCompile Include="..\Classes\PostEffect\PEPointWarp.cpp">
      <Filter>PostEffect\Effects</Filter>
    </ClCompile>
    <ClCompile Include="..\Classes\PostEffect\PEVortex.cpp">
      <Filter>PostEffect\Effects</Filter>
    </ClCompile>
    <ClCompile Include="..\Classes\PostEffect\PESpaceWarp.cpp">
      <Filter>PostEffect\Effects</Filter>
    </ClCompile>
    <ClCompile Include="..\Classes\PostEffect\PEBloom.cpp">
      <Filter>PostEffect\Effects</Filter>
    </ClCompile>
    <ClCompile Include="..\Classes\PostEffect\PEGlow.cpp">
      <Filter>PostEffect\Effects</Filter>
    </ClCompile>
    <ClCompile Include="..\Classes\PostEffect\PESceneChange.cpp">
      <Filter>PostEffect\Effects</Filter>
    </ClCompile>
    <ClCompile Include="..\Classes\PerformanceTest\PerformanceTestLayer.cpp">
      <Filter>performaceTest</Filter>
    </ClCompile>
    <ClCompile Include="..\Classes\CarDemo\CarTestLayer.cpp">
      <Filter>CarDemo</Filter>
    </ClCompile>
  </ItemGroup>
  <ItemGroup>
    <ClInclude Include="..\Classes\AppDelegate.h" />
    <ClInclude Include="..\Classes\AppMacros.h" />
    <ClInclude Include="main.h" />
    <ClInclude Include="resource.h" />
    <ClInclude Include="..\Classes\MaterialTest\MaterialTestLayer.h">
      <Filter>MaterialTest</Filter>
    </ClInclude>
    <ClInclude Include="..\Classes\TestLayer.h" />
    <ClInclude Include="..\Classes\ColorTest\ColorTestLayer.h">
      <Filter>ColorTest</Filter>
    </ClInclude>
    <ClInclude Include="..\Classes\ShadowTest\ShadowTestLayer.h">
      <Filter>ShadowTest</Filter>
    </ClInclude>
    <ClInclude Include="..\Classes\AnimLightTest\AnimLightTestLayer.h">
      <Filter>AnimLightTest</Filter>
    </ClInclude>
    <ClInclude Include="..\Classes\MainLayer.h" />
    <ClInclude Include="..\Classes\tests.h" />
    <ClInclude Include="..\Classes\VisibleRect.h" />
    <ClInclude Include="..\Classes\TunnelTest\TunnelTestLayer.h">
      <Filter>TunnelTest</Filter>
    </ClInclude>
    <ClInclude Include="..\Classes\PostEffect\PostEffectTestLayer.h">
      <Filter>PostEffect</Filter>
    </ClInclude>
    <ClInclude Include="..\Classes\ChangeCloth\ChangeClothesTestLayer.h">
      <Filter>ChangeClothes</Filter>
    </ClInclude>
    <ClInclude Include="..\Classes\FullDemo\FullDemoLayer.h">
      <Filter>FullDemo</Filter>
    </ClInclude>
    <ClInclude Include="..\Classes\ChangeCloth\ClothUILayer.h">
      <Filter>ChangeClothes</Filter>
    </ClInclude>
    <ClInclude Include="..\Classes\FullDemo\FullDemoUILayer.h">
      <Filter>FullDemo</Filter>
    </ClInclude>
    <ClInclude Include="..\Classes\ParticleTest\ParticleTestLayer.h">
      <Filter>ParticleTest</Filter>
    </ClInclude>
    <ClInclude Include="..\Classes\FullDemo\MainPlayer.h">
      <Filter>FullDemo</Filter>
    </ClInclude>
    <ClInclude Include="..\Classes\FullDemo\Enemy.h">
      <Filter>FullDemo</Filter>
    </ClInclude>
    <ClInclude Include="..\Classes\FullDemo\Npc.h">
      <Filter>FullDemo</Filter>
    </ClInclude>
    <ClInclude Include="..\Classes\C3DActor.h" />
    <ClInclude Include="..\Classes\C3DBaseActor.h" />
    <ClInclude Include="..\Classes\FullDemo\UI3DLayer.h">
      <Filter>FullDemo</Filter>
    </ClInclude>
    <ClInclude Include="..\Classes\FullDemo\Bullet.h">
      <Filter>FullDemo\Bullet</Filter>
    </ClInclude>
    <ClInclude Include="..\Classes\FullDemo\BaseBullet.h">
      <Filter>FullDemo\Bullet</Filter>
    </ClInclude>
    <ClInclude Include="..\Classes\FullDemo\Lighting.h">
      <Filter>FullDemo\Bullet</Filter>
    </ClInclude>
    <ClInclude Include="..\Classes\PostEffect\PEVortex.h">
      <Filter>PostEffect\Effects</Filter>
    </ClInclude>
    <ClInclude Include="..\Classes\PostEffect\PEBlur.h">
      <Filter>PostEffect\Effects</Filter>
    </ClInclude>
    <ClInclude Include="..\Classes\PostEffect\PEColor.h">
      <Filter>PostEffect\Effects</Filter>
    </ClInclude>
    <ClInclude Include="..\Classes\PostEffect\PEOutLine.h">
      <Filter>PostEffect\Effects</Filter>
    </ClInclude>
    <ClInclude Include="..\Classes\PostEffect\PEPointWarp.h">
      <Filter>PostEffect\Effects</Filter>
    </ClInclude>
    <ClInclude Include="..\Classes\PostEffect\PESpaceWarp.h">
      <Filter>PostEffect\Effects</Filter>
    </ClInclude>
    <ClInclude Include="..\Classes\PostEffect\PEBloom.h">
      <Filter>PostEffect\Effects</Filter>
    </ClInclude>
    <ClInclude Include="..\Classes\PostEffect\PEGlow.h">
      <Filter>PostEffect\Effects</Filter>
    </ClInclude>
    <ClInclude Include="..\Classes\PostEffect\PESceneChange.h">
      <Filter>PostEffect\Effects</Filter>
    </ClInclude>
    <ClInclude Include="..\Classes\PerformanceTest\PerformanceTestLayer.h">
      <Filter>performaceTest</Filter>
    </ClInclude>
    <ClInclude Include="..\Classes\CarDemo\CarTestLayer.h">
      <Filter>CarDemo</Filter>
    </ClInclude>
  </ItemGroup>
  <ItemGroup>
    <ResourceCompile Include="EngineDemo.rc" />
  </ItemGroup>
  <ItemGroup>
    <Filter Include="MaterialTest">
      <UniqueIdentifier>{9d381fcf-4f67-49d8-a1ad-6a7968e47561}</UniqueIdentifier>
    </Filter>
    <Filter Include="ColorTest">
      <UniqueIdentifier>{78c9ece6-0964-4ae0-a03b-cd0ba4e726cd}</UniqueIdentifier>
    </Filter>
    <Filter Include="ShadowTest">
      <UniqueIdentifier>{b599b9b5-78c0-49c7-88ee-6526d1357fba}</UniqueIdentifier>
    </Filter>
    <Filter Include="AnimLightTest">
      <UniqueIdentifier>{f74d3b1b-38a6-4559-a48e-7b7dbd35fb90}</UniqueIdentifier>
    </Filter>
    <Filter Include="TunnelTest">
      <UniqueIdentifier>{bc37b120-c435-4725-907e-e5dfa185ad0a}</UniqueIdentifier>
    </Filter>
    <Filter Include="PostEffect">
      <UniqueIdentifier>{37f9f51e-6781-4d1c-bb75-0c372a5b5719}</UniqueIdentifier>
    </Filter>
    <Filter Include="ChangeClothes">
      <UniqueIdentifier>{c6be8a2c-cfe6-4da5-a9a4-0da306018010}</UniqueIdentifier>
    </Filter>
    <Filter Include="FullDemo">
      <UniqueIdentifier>{bfb8da65-2032-4686-bbf4-89ee7974da65}</UniqueIdentifier>
    </Filter>
    <Filter Include="ParticleTest">
      <UniqueIdentifier>{b0f6662b-7cea-41da-8a1a-1a20708311fd}</UniqueIdentifier>
    </Filter>
    <Filter Include="FullDemo\Bullet">
      <UniqueIdentifier>{38a18f85-a1a0-4e6b-86d1-20d272e69544}</UniqueIdentifier>
    </Filter>
    <Filter Include="PostEffect\Effects">
      <UniqueIdentifier>{4c6e6ed4-3de4-4775-a93a-701abafdf1fe}</UniqueIdentifier>
    </Filter>
    <Filter Include="performaceTest">
      <UniqueIdentifier>{f1aa2a71-aaa9-4afb-ac7f-b96c2b8db673}</UniqueIdentifier>
    </Filter>
    <Filter Include="CarDemo">
      <UniqueIdentifier>{bc178d8e-0868-4a75-82d3-afe43a83cea8}</UniqueIdentifier>
    </Filter>
  </ItemGroup>
</Project>