
Microsoft Visual Studio Solution File, Format Version 11.00
# Visual Studio 2010
Project("{8BC9CEB8-8B4A-11D0-8D11-00A0C91BC942}") = "libCocosDenshion", "CocosDenshion\proj.win32\CocosDenshion.vcxproj", "{F8EDD7FA-9A51-4E80-BAEB-860825D2EAC6}"
	ProjectSection(ProjectDependencies) = postProject
		{98A51BA8-FC3A-415B-AC8F-8C7BD464E93E} = {98A51BA8-FC3A-415B-AC8F-8C7BD464E93E}
	EndProjectSection
EndProject
Project("{8BC9CEB8-8B4A-11D0-8D11-00A0C91BC942}") = "libcocos2d", "cocos2dx\proj.win32\cocos2d.vcxproj", "{98A51BA8-FC3A-415B-AC8F-8C7BD464E93E}"
EndProject
Project("{8BC9CEB8-8B4A-11D0-8D11-00A0C91BC942}") = "libcocos3d", "cocos3d\proj.win32\libcocos3d.vcxproj", "{B1826AFA-B4A3-46EA-9A16-BE4805BB7505}"
	ProjectSection(ProjectDependencies) = postProject
		{98A51BA8-FC3A-415B-AC8F-8C7BD464E93E} = {98A51BA8-FC3A-415B-AC8F-8C7BD464E93E}
	EndProjectSection
EndProject
Project("{2150E333-8FDC-42A3-9474-1A3956D46DE8}") = "project-commomn", "project-commomn", "{606384C1-C2C1-4596-AE1A-A11C8E124BD4}"
EndProject
Project("{2150E333-8FDC-42A3-9474-1A3956D46DE8}") = "project-cpp", "project-cpp", "{4AB4B0D1-1FD8-466B-B98A-BF4ECC8DEC3F}"
EndProject
Project("{8BC9CEB8-8B4A-11D0-8D11-00A0C91BC942}") = "EngineDemo", "EngineDemo\proj.win32\EngineDemo.vcxproj", "{67DE2137-AE3D-4B87-A34E-E83EF5A8064A}"
	ProjectSection(ProjectDependencies) = postProject
		{98A51BA8-FC3A-415B-AC8F-8C7BD464E93E} = {98A51BA8-FC3A-415B-AC8F-8C7BD464E93E}
		{B1826AFA-B4A3-46EA-9A16-BE4805BB7505} = {B1826AFA-B4A3-46EA-9A16-BE4805BB7505}
		{F8EDD7FA-9A51-4E80-BAEB-860825D2EAC6} = {F8EDD7FA-9A51-4E80-BAEB-860825D2EAC6}
	EndProjectSection
EndProject
Project("{8BC9CEB8-8B4A-11D0-8D11-00A0C91BC942}") = "HelloCpp", "projects\HelloCpp\proj.win32\HelloCpp.vcxproj", "{5B4A7770-0223-4E79-A667-9B893DB3AFB7}"
	ProjectSection(ProjectDependencies) = postProject
		{B1826AFA-B4A3-46EA-9A16-BE4805BB7505} = {B1826AFA-B4A3-46EA-9A16-BE4805BB7505}
	EndProjectSection
EndProject
Global
	GlobalSection(SolutionConfigurationPlatforms) = preSolution
		Debug|Win32 = Debug|Win32
		Release|Win32 = Release|Win32
	EndGlobalSection
	GlobalSection(ProjectConfigurationPlatforms) = postSolution
		{F8EDD7FA-9A51-4E80-BAEB-860825D2EAC6}.Debug|Win32.ActiveCfg = Debug|Win32
		{F8EDD7FA-9A51-4E80-BAEB-860825D2EAC6}.Debug|Win32.Build.0 = Debug|Win32
		{F8EDD7FA-9A51-4E80-BAEB-860825D2EAC6}.Release|Win32.ActiveCfg = Release|Win32
		{F8EDD7FA-9A51-4E80-BAEB-860825D2EAC6}.Release|Win32.Build.0 = Release|Win32
		{98A51BA8-FC3A-415B-AC8F-8C7BD464E93E}.Debug|Win32.ActiveCfg = Debug|Win32
		{98A51BA8-FC3A-415B-AC8F-8C7BD464E93E}.Debug|Win32.Build.0 = Debug|Win32
		{98A51BA8-FC3A-415B-AC8F-8C7BD464E93E}.Release|Win32.ActiveCfg = Release|Win32
		{98A51BA8-FC3A-415B-AC8F-8C7BD464E93E}.Release|Win32.Build.0 = Release|Win32
		{B1826AFA-B4A3-46EA-9A16-BE4805BB7505}.Debug|Win32.ActiveCfg = Debug|Win32
		{B1826AFA-B4A3-46EA-9A16-BE4805BB7505}.Debug|Win32.Build.0 = Debug|Win32
		{B1826AFA-B4A3-46EA-9A16-BE4805BB7505}.Release|Win32.ActiveCfg = Release|Win32
		{B1826AFA-B4A3-46EA-9A16-BE4805BB7505}.Release|Win32.Build.0 = Release|Win32
		{67DE2137-AE3D-4B87-A34E-E83EF5A8064A}.Debug|Win32.ActiveCfg = Debug|Win32
		{67DE2137-AE3D-4B87-A34E-E83EF5A8064A}.Debug|Win32.Build.0 = Debug|Win32
		{67DE2137-AE3D-4B87-A34E-E83EF5A8064A}.Release|Win32.ActiveCfg = Release|Win32
		{67DE2137-AE3D-4B87-A34E-E83EF5A8064A}.Release|Win32.Build.0 = Release|Win32
		{5B4A7770-0223-4E79-A667-9B893DB3AFB7}.Debug|Win32.ActiveCfg = Debug|Win32
		{5B4A7770-0223-4E79-A667-9B893DB3AFB7}.Debug|Win32.Build.0 = Debug|Win32
		{5B4A7770-0223-4E79-A667-9B893DB3AFB7}.Release|Win32.ActiveCfg = Release|Win32
		{5B4A7770-0223-4E79-A667-9B893DB3AFB7}.Release|Win32.Build.0 = Release|Win32
	EndGlobalSection
	GlobalSection(SolutionProperties) = preSolution
		HideSolutionNode = FALSE
	EndGlobalSection
	GlobalSection(NestedProjects) = preSolution
		{98A51BA8-FC3A-415B-AC8F-8C7BD464E93E} = {606384C1-C2C1-4596-AE1A-A11C8E124BD4}
		{B1826AFA-B4A3-46EA-9A16-BE4805BB7505} = {606384C1-C2C1-4596-AE1A-A11C8E124BD4}
		{F8EDD7FA-9A51-4E80-BAEB-860825D2EAC6} = {606384C1-C2C1-4596-AE1A-A11C8E124BD4}
		{67DE2137-AE3D-4B87-A34E-E83EF5A8064A} = {4AB4B0D1-1FD8-466B-B98A-BF4ECC8DEC3F}
		{5B4A7770-0223-4E79-A667-9B893DB3AFB7} = {4AB4B0D1-1FD8-466B-B98A-BF4ECC8DEC3F}
	EndGlobalSection
	GlobalSection(DPCodeReviewSolutionGUID) = preSolution
		DPCodeReviewSolutionGUID = {00000000-0000-0000-0000-000000000000}
	EndGlobalSection
EndGlobal
