
Microsoft Visual Studio Solution File, Format Version 11.00
# Visual Studio 2010
Project("{2150E333-8FDC-42A3-9474-1A3956D46DE8}") = "Solution Items", "Solution Items", "{496FF452-3804-4957-AA47-9E42621054EF}"
	ProjectSection(SolutionItems) = preProject
		bumpdiffuse.fsh = bumpdiffuse.fsh
		bumpdiffuse.vsh = bumpdiffuse.vsh
		bumpspecular.fsh = bumpspecular.fsh
		bumpspecular.vsh = bumpspecular.vsh
		diffuse.fsh = diffuse.fsh
		diffuse.vsh = diffuse.vsh
		lightonly.fsh = lightonly.fsh
		lightonly.vsh = lightonly.vsh
		lightonly_skinned.fsh = lightonly_skinned.fsh
		lightonly_skinned.vsh = lightonly_skinned.vsh
		normalmap_skinned.fsh = normalmap_skinned.fsh
		normalmap_skinned.vsh = normalmap_skinned.vsh
		reflect-diffuse.fsh = reflect-diffuse.fsh
		reflect-diffuse.vsh = reflect-diffuse.vsh
		skinned_bump.h = skinned_bump.h
		skinned_general.h = skinned_general.h
		specular.fsh = specular.fsh
		specular.vsh = specular.vsh
		texture.fsh = texture.fsh
		texture.vsh = texture.vsh
		textured.fsh = textured.fsh
		textured.vsh = textured.vsh
	EndProjectSection
EndProject
Global
	GlobalSection(SolutionProperties) = preSolution
		HideSolutionNode = FALSE
	EndGlobalSection
EndGlobal
